
Microsoft Visual Studio Solution File, Format Version 12.00
# Visual Studio 15
VisualStudioVersion = 15.0.28307.271
MinimumVisualStudioVersion = 10.0.40219.1
Project("{FAE04EC0-301F-11D3-BF4B-00C04F79EFBC}") = "eCommerceSite", "eCommerceSite\eCommerceSite.csproj", "{04AC8487-075F-454F-89EA-D63F2396DD81}"
EndProject
Global
	GlobalSection(SolutionConfigurationPlatforms) = preSolution
		Debug|Any CPU = Debug|Any CPU
		Release|Any CPU = Release|Any CPU
	EndGlobalSection
	GlobalSection(ProjectConfigurationPlatforms) = postSolution
		{04AC8487-075F-454F-89EA-D63F2396DD81}.Debug|Any CPU.ActiveCfg = Debug|Any CPU
		{04AC8487-075F-454F-89EA-D63F2396DD81}.Debug|Any CPU.Build.0 = Debug|Any CPU
		{04AC8487-075F-454F-89EA-D63F2396DD81}.Release|Any CPU.ActiveCfg = Release|Any CPU
		{04AC8487-075F-454F-89EA-D63F2396DD81}.Release|Any CPU.Build.0 = Release|Any CPU
	EndGlobalSection
	GlobalSection(SolutionProperties) = preSolution
		HideSolutionNode = FALSE
	EndGlobalSection
	GlobalSection(ExtensibilityGlobals) = postSolution
		SolutionGuid = {76A38C3F-A43E-4162-BB17-5D7053249784}
	EndGlobalSection
EndGlobal
